{
  "nodes": {
    "logos-nix": {
      "inputs": {
        "nixpkgs": "nixpkgs",
        "nixpkgs-windows": "nixpkgs-windows"
      },
      "locked": {
        "lastModified": 1786399295,
        "narHash": "sha256-Bl1A0UgsIXioZw5uEW8Jl5u7FfZcFMnpYlpsdezFwK0=",
        "owner": "logos-co",
        "repo": "logos-nix",
        "rev": "6e0f4a7120fced10829b0b3a698ff619a11d4605",
        "type": "github"
      },
      "original": {
        "owner": "logos-co",
        "repo": "logos-nix",
        "type": "github"
      }
    },
    "logos-nix_2": {
      "inputs": {
        "nixpkgs": "nixpkgs_2",
        "nixpkgs-windows": "nixpkgs-windows_2"
      },
      "locked": {
        "lastModified": 1786399295,
        "narHash": "sha256-Bl1A0UgsIXioZw5uEW8Jl5u7FfZcFMnpYlpsdezFwK0=",
        "owner": "logos-co",
        "repo": "logos-nix",
        "rev": "6e0f4a7120fced10829b0b3a698ff619a11d4605",
        "type": "github"
      },
      "original": {
        "owner": "logos-co",
        "repo": "logos-nix",
        "type": "github"
      }
    },
    "logos-nix_3": {
      "inputs": {
        "nixpkgs": "nixpkgs_3",
        "nixpkgs-windows": "nixpkgs-windows_3"
      },
      "locked": {
        "lastModified": 1786399295,
        "narHash": "sha256-Bl1A0UgsIXioZw5uEW8Jl5u7FfZcFMnpYlpsdezFwK0=",
        "owner": "logos-co",
        "repo": "logos-nix",
        "rev": "6e0f4a7120fced10829b0b3a698ff619a11d4605",
        "type": "github"
      },
      "original": {
        "owner": "logos-co",
        "repo": "logos-nix",
        "type": "github"
      }
    },
    "logos-nix_4": {
      "inputs": {
        "nixpkgs": "nixpkgs_4"
      },
      "locked": {
        "lastModified": 1773955630,
        "narHash": "sha256-KqzMoWYIVp2xMgphs7v02T/BE54RKMFxpdC2duhJKG0=",
        "owner": "logos-co",
        "repo": "logos-nix",
        "rev": "0e9e6d66ab8eb34f59e45ed448f7dc29130feb88",
        "type": "github"
      },
      "original": {
        "owner": "logos-co",
        "repo": "logos-nix",
        "type": "github"
      }
    },
    "logos-nix_5": {
      "inputs": {
        "nixpkgs": "nixpkgs_5"
      },
      "locked": {
        "lastModified": 1773955630,
        "narHash": "sha256-KqzMoWYIVp2xMgphs7v02T/BE54RKMFxpdC2duhJKG0=",
        "owner": "logos-co",
        "repo": "logos-nix",
        "rev": "0e9e6d66ab8eb34f59e45ed448f7dc29130feb88",
        "type": "github"
      },
      "original": {
        "owner": "logos-co",
        "repo": "logos-nix",
        "type": "github"
      }
    },
    "logos-nix_6": {
      "inputs": {
        "nixpkgs": "nixpkgs_6",
        "nixpkgs-windows": "nixpkgs-windows_4"
      },
      "locked": {
        "lastModified": 1786399295,
        "narHash": "sha256-Bl1A0UgsIXioZw5uEW8Jl5u7FfZcFMnpYlpsdezFwK0=",
        "owner": "logos-co",
        "repo": "logos-nix",
        "rev": "6e0f4a7120fced10829b0b3a698ff619a11d4605",
        "type": "github"
      },
      "original": {
        "owner": "logos-co",
        "repo": "logos-nix",
        "type": "github"
      }
    },
    "logos-nix_7": {
      "inputs": {
        "nixpkgs": "nixpkgs_7",
        "nixpkgs-windows": "nixpkgs-windows_5"
      },
      "locked": {
        "lastModified": 1786399295,
        "narHash": "sha256-Bl1A0UgsIXioZw5uEW8Jl5u7FfZcFMnpYlpsdezFwK0=",
        "owner": "logos-co",
        "repo": "logos-nix",
        "rev": "6e0f4a7120fced10829b0b3a698ff619a11d4605",
        "type": "github"
      },
      "original": {
        "owner": "logos-co",
        "repo": "logos-nix",
        "type": "github"
      }
    },
    "logos-nix_8": {
      "inputs": {
        "nixpkgs": "nixpkgs_8",
        "nixpkgs-windows": "nixpkgs-windows_6"
      },
      "locked": {
        "lastModified": 1786399295,
        "narHash": "sha256-Bl1A0UgsIXioZw5uEW8Jl5u7FfZcFMnpYlpsdezFwK0=",
        "owner": "logos-co",
        "repo": "logos-nix",
        "rev": "6e0f4a7120fced10829b0b3a698ff619a11d4605",
        "type": "github"
      },
      "original": {
        "owner": "logos-co",
        "repo": "logos-nix",
        "type": "github"
      }
    },
    "logos-nix_9": {
      "inputs": {
        "nixpkgs": "nixpkgs_9",
        "nixpkgs-windows": "nixpkgs-windows_7"
      },
      "locked": {
        "lastModified": 1786399295,
        "narHash": "sha256-Bl1A0UgsIXioZw5uEW8Jl5u7FfZcFMnpYlpsdezFwK0=",
        "owner": "logos-co",
        "repo": "logos-nix",
        "rev": "6e0f4a7120fced10829b0b3a698ff619a11d4605",
        "type": "github"
      },
      "original": {
        "owner": "logos-co",
        "repo": "logos-nix",
        "type": "github"
      }
    },
    "logos-package": {
      "inputs": {
        "logos-nix": "logos-nix_3",
        "nixpkgs": [
          "logos-package-manager",
          "logos-package",
          "logos-nix",
          "nixpkgs"
        ]
      },
      "locked": {
        "lastModified": 1786463662,
        "narHash": "sha256-h2ex453W73qjkN8n6Bo9ywU5X22bssmyCMpQjR5LRzY=",
        "owner": "logos-co",
        "repo": "logos-package",
        "rev": "3cb520c8eadde3d6d7810dee74bdd243f73f34e9",
        "type": "github"
      },
      "original": {
        "owner": "logos-co",
        "repo": "logos-package",
        "type": "github"
      }
    },
    "logos-package-manager": {
      "inputs": {
        "logos-nix": "logos-nix_2",
        "logos-package": "logos-package",
        "nix-bundle-appimage": "nix-bundle-appimage",
        "nix-bundle-dir": "nix-bundle-dir_2",
        "nixpkgs": [
          "logos-package-manager",
          "logos-nix",
          "nixpkgs"
        ]
      },
      "locked": {
        "lastModified": 1786468071,
        "narHash": "sha256-BVL8zJRPzaZbG72KkD4eZZewcxx3n1ZVgxWGjV8cQGU=",
        "owner": "logos-co",
        "repo": "logos-package-manager",
        "rev": "3ad200d485c2d4510e41681231291a4899def181",
        "type": "github"
      },
      "original": {
        "owner": "logos-co",
        "repo": "logos-package-manager",
        "type": "github"
      }
    },
    "logos-package_2": {
      "inputs": {
        "logos-nix": "logos-nix_8",
        "nixpkgs": [
          "nix-bundle-lgx",
          "logos-package",
          "logos-nix",
          "nixpkgs"
        ]
      },
      "locked": {
        "lastModified": 1786463662,
        "narHash": "sha256-h2ex453W73qjkN8n6Bo9ywU5X22bssmyCMpQjR5LRzY=",
        "owner": "logos-co",
        "repo": "logos-package",
        "rev": "3cb520c8eadde3d6d7810dee74bdd243f73f34e9",
        "type": "github"
      },
      "original": {
        "owner": "logos-co",
        "repo": "logos-package",
        "type": "github"
      }
    },
    "nix-bundle-appimage": {
      "inputs": {
        "logos-nix": "logos-nix_4",
        "nix-bundle-dir": "nix-bundle-dir",
        "nixpkgs": [
          "logos-package-manager",
          "nix-bundle-appimage",
          "logos-nix",
          "nixpkgs"
        ]
      },
      "locked": {
        "lastModified": 1774455478,
        "narHash": "sha256-S8IMfdDc+2Wwri0krLDsIUwSqmwanmvHAJWHOFo8ykk=",
        "owner": "logos-co",
        "repo": "nix-bundle-appimage",
        "rev": "2428125a4a1b34ad9119efa97edb98676283e3da",
        "type": "github"
      },
      "original": {
        "owner": "logos-co",
        "repo": "nix-bundle-appimage",
        "type": "github"
      }
    },
    "nix-bundle-dir": {
      "inputs": {
        "logos-nix": "logos-nix_5",
        "nixpkgs": [
          "logos-package-manager",
          "nix-bundle-appimage",
          "nixpkgs"
        ]
      },
      "locked": {
        "lastModified": 1773961179,
        "narHash": "sha256-bpaTvz//R8WFP5xnnDLv3a9l7unDmBwJjCewx3wCjzM=",
        "owner": "logos-co",
        "repo": "nix-bundle-dir",
        "rev": "cd214dbf15487d80967389847ae2210468be6ebf",
        "type": "github"
      },
      "original": {
        "owner": "logos-co",
        "repo": "nix-bundle-dir",
        "type": "github"
      }
    },
    "nix-bundle-dir_2": {
      "inputs": {
        "logos-nix": "logos-nix_6",
        "nixpkgs": [
          "logos-package-manager",
          "nix-bundle-dir",
          "logos-nix",
          "nixpkgs"
        ]
      },
      "locked": {
        "lastModified": 1786415152,
        "narHash": "sha256-0JUD+57+VTO25IfJjy92av5T88pmMSod8wMygW9OK3s=",
        "owner": "logos-co",
        "repo": "nix-bundle-dir",
        "rev": "f843b8ec76974881ccf8619157ae63bfa2017a5e",
        "type": "github"
      },
      "original": {
        "owner": "logos-co",
        "repo": "nix-bundle-dir",
        "type": "github"
      }
    },
    "nix-bundle-dir_3": {
      "inputs": {
        "logos-nix": "logos-nix_9",
        "nixpkgs": [
          "nix-bundle-lgx",
          "nix-bundle-dir",
          "logos-nix",
          "nixpkgs"
        ]
      },
      "locked": {
        "lastModified": 1786415152,
        "narHash": "sha256-0JUD+57+VTO25IfJjy92av5T88pmMSod8wMygW9OK3s=",
        "owner": "logos-co",
        "repo": "nix-bundle-dir",
        "rev": "f843b8ec76974881ccf8619157ae63bfa2017a5e",
        "type": "github"
      },
      "original": {
        "owner": "logos-co",
        "repo": "nix-bundle-dir",
        "type": "github"
      }
    },
    "nix-bundle-lgx": {
      "inputs": {
        "logos-nix": "logos-nix_7",
        "logos-package": "logos-package_2",
        "nix-bundle-dir": "nix-bundle-dir_3",
        "nixpkgs": [
          "nix-bundle-lgx",
          "logos-nix",
          "nixpkgs"
        ]
      },
      "locked": {
        "lastModified": 1786468088,
        "narHash": "sha256-WzEQtWbusgoDFuGGHz2L3/ZlXfcUnUxwT+p1/4ilJzc=",
        "owner": "logos-co",
        "repo": "nix-bundle-lgx",
        "rev": "62277ea64abed4165f3cf6028f3fc3e95a919384",
        "type": "github"
      },
      "original": {
        "owner": "logos-co",
        "repo": "nix-bundle-lgx",
        "type": "github"
      }
    },
    "nixpkgs": {
      "locked": {
        "lastModified": 1759036355,
        "narHash": "sha256-0m27AKv6ka+q270dw48KflE0LwQYrO7Fm4/2//KCVWg=",
        "owner": "NixOS",
        "repo": "nixpkgs",
        "rev": "e9f00bd893984bc8ce46c895c3bf7cac95331127",
        "type": "github"
      },
      "original": {
        "owner": "NixOS",
        "ref": "nixos-unstable",
        "repo": "nixpkgs",
        "type": "github"
      }
    },
    "nixpkgs-windows": {
      "locked": {
        "lastModified": 1782723713,
        "narHash": "sha256-oPXCU/SSUokcGaJREHibG1CBX3+s/W7orDWQOZDsEeQ=",
        "owner": "NixOS",
        "repo": "nixpkgs",
        "rev": "b5aa0fbd538984f6e3d201be0005b4463d8b09f8",
        "type": "github"
      },
      "original": {
        "owner": "NixOS",
        "repo": "nixpkgs",
        "rev": "b5aa0fbd538984f6e3d201be0005b4463d8b09f8",
        "type": "github"
      }
    },
    "nixpkgs-windows_2": {
      "locked": {
        "lastModified": 1782723713,
        "narHash": "sha256-oPXCU/SSUokcGaJREHibG1CBX3+s/W7orDWQOZDsEeQ=",
        "owner": "NixOS",
        "repo": "nixpkgs",
        "rev": "b5aa0fbd538984f6e3d201be0005b4463d8b09f8",
        "type": "github"
      },
      "original": {
        "owner": "NixOS",
        "repo": "nixpkgs",
        "rev": "b5aa0fbd538984f6e3d201be0005b4463d8b09f8",
        "type": "github"
      }
    },
    "nixpkgs-windows_3": {
      "locked": {
        "lastModified": 1782723713,
        "narHash": "sha256-oPXCU/SSUokcGaJREHibG1CBX3+s/W7orDWQOZDsEeQ=",
        "owner": "NixOS",
        "repo": "nixpkgs",
        "rev": "b5aa0fbd538984f6e3d201be0005b4463d8b09f8",
        "type": "github"
      },
      "original": {
        "owner": "NixOS",
        "repo": "nixpkgs",
        "rev": "b5aa0fbd538984f6e3d201be0005b4463d8b09f8",
        "type": "github"
      }
    },
    "nixpkgs-windows_4": {
      "locked": {
        "lastModified": 1782723713,
        "narHash": "sha256-oPXCU/SSUokcGaJREHibG1CBX3+s/W7orDWQOZDsEeQ=",
        "owner": "NixOS",
        "repo": "nixpkgs",
        "rev": "b5aa0fbd538984f6e3d201be0005b4463d8b09f8",
        "type": "github"
      },
      "original": {
        "owner": "NixOS",
        "repo": "nixpkgs",
        "rev": "b5aa0fbd538984f6e3d201be0005b4463d8b09f8",
        "type": "github"
      }
    },
    "nixpkgs-windows_5": {
      "locked": {
        "lastModified": 1782723713,
        "narHash": "sha256-oPXCU/SSUokcGaJREHibG1CBX3+s/W7orDWQOZDsEeQ=",
        "owner": "NixOS",
        "repo": "nixpkgs",
        "rev": "b5aa0fbd538984f6e3d201be0005b4463d8b09f8",
        "type": "github"
      },
      "original": {
        "owner": "NixOS",
        "repo": "nixpkgs",
        "rev": "b5aa0fbd538984f6e3d201be0005b4463d8b09f8",
        "type": "github"
      }
    },
    "nixpkgs-windows_6": {
      "locked": {
        "lastModified": 1782723713,
        "narHash": "sha256-oPXCU/SSUokcGaJREHibG1CBX3+s/W7orDWQOZDsEeQ=",
        "owner": "NixOS",
        "repo": "nixpkgs",
        "rev": "b5aa0fbd538984f6e3d201be0005b4463d8b09f8",
        "type": "github"
      },
      "original": {
        "owner": "NixOS",
        "repo": "nixpkgs",
        "rev": "b5aa0fbd538984f6e3d201be0005b4463d8b09f8",
        "type": "github"
      }
    },
    "nixpkgs-windows_7": {
      "locked": {
        "lastModified": 1782723713,
        "narHash": "sha256-oPXCU/SSUokcGaJREHibG1CBX3+s/W7orDWQOZDsEeQ=",
        "owner": "NixOS",
        "repo": "nixpkgs",
        "rev": "b5aa0fbd538984f6e3d201be0005b4463d8b09f8",
        "type": "github"
      },
      "original": {
        "owner": "NixOS",
        "repo": "nixpkgs",
        "rev": "b5aa0fbd538984f6e3d201be0005b4463d8b09f8",
        "type": "github"
      }
    },
    "nixpkgs_2": {
      "locked": {
        "lastModified": 1759036355,
        "narHash": "sha256-0m27AKv6ka+q270dw48KflE0LwQYrO7Fm4/2//KCVWg=",
        "owner": "NixOS",
        "repo": "nixpkgs",
        "rev": "e9f00bd893984bc8ce46c895c3bf7cac95331127",
        "type": "github"
      },
      "original": {
        "owner": "NixOS",
        "ref": "nixos-unstable",
        "repo": "nixpkgs",
        "type": "github"
      }
    },
    "nixpkgs_3": {
      "locked": {
        "lastModified": 1759036355,
        "narHash": "sha256-0m27AKv6ka+q270dw48KflE0LwQYrO7Fm4/2//KCVWg=",
        "owner": "NixOS",
        "repo": "nixpkgs",
        "rev": "e9f00bd893984bc8ce46c895c3bf7cac95331127",
        "type": "github"
      },
      "original": {
        "owner": "NixOS",
        "ref": "nixos-unstable",
        "repo": "nixpkgs",
        "type": "github"
      }
    },
    "nixpkgs_4": {
      "locked": {
        "lastModified": 1759036355,
        "narHash": "sha256-0m27AKv6ka+q270dw48KflE0LwQYrO7Fm4/2//KCVWg=",
        "owner": "NixOS",
        "repo": "nixpkgs",
        "rev": "e9f00bd893984bc8ce46c895c3bf7cac95331127",
        "type": "github"
      },
      "original": {
        "owner": "NixOS",
        "ref": "nixos-unstable",
        "repo": "nixpkgs",
        "type": "github"
      }
    },
    "nixpkgs_5": {
      "locked": {
        "lastModified": 1759036355,
        "narHash": "sha256-0m27AKv6ka+q270dw48KflE0LwQYrO7Fm4/2//KCVWg=",
        "owner": "NixOS",
        "repo": "nixpkgs",
        "rev": "e9f00bd893984bc8ce46c895c3bf7cac95331127",
        "type": "github"
      },
      "original": {
        "owner": "NixOS",
        "ref": "nixos-unstable",
        "repo": "nixpkgs",
        "type": "github"
      }
    },
    "nixpkgs_6": {
      "locked": {
        "lastModified": 1759036355,
        "narHash": "sha256-0m27AKv6ka+q270dw48KflE0LwQYrO7Fm4/2//KCVWg=",
        "owner": "NixOS",
        "repo": "nixpkgs",
        "rev": "e9f00bd893984bc8ce46c895c3bf7cac95331127",
        "type": "github"
      },
      "original": {
        "owner": "NixOS",
        "ref": "nixos-unstable",
        "repo": "nixpkgs",
        "type": "github"
      }
    },
    "nixpkgs_7": {
      "locked": {
        "lastModified": 1759036355,
        "narHash": "sha256-0m27AKv6ka+q270dw48KflE0LwQYrO7Fm4/2//KCVWg=",
        "owner": "NixOS",
        "repo": "nixpkgs",
        "rev": "e9f00bd893984bc8ce46c895c3bf7cac95331127",
        "type": "github"
      },
      "original": {
        "owner": "NixOS",
        "ref": "nixos-unstable",
        "repo": "nixpkgs",
        "type": "github"
      }
    },
    "nixpkgs_8": {
      "locked": {
        "lastModified": 1759036355,
        "narHash": "sha256-0m27AKv6ka+q270dw48KflE0LwQYrO7Fm4/2//KCVWg=",
        "owner": "NixOS",
        "repo": "nixpkgs",
        "rev": "e9f00bd893984bc8ce46c895c3bf7cac95331127",
        "type": "github"
      },
      "original": {
        "owner": "NixOS",
        "ref": "nixos-unstable",
        "repo": "nixpkgs",
        "type": "github"
      }
    },
    "nixpkgs_9": {
      "locked": {
        "lastModified": 1759036355,
        "narHash": "sha256-0m27AKv6ka+q270dw48KflE0LwQYrO7Fm4/2//KCVWg=",
        "owner": "NixOS",
        "repo": "nixpkgs",
        "rev": "e9f00bd893984bc8ce46c895c3bf7cac95331127",
        "type": "github"
      },
      "original": {
        "owner": "NixOS",
        "ref": "nixos-unstable",
        "repo": "nixpkgs",
        "type": "github"
      }
    },
    "root": {
      "inputs": {
        "logos-nix": "logos-nix",
        "logos-package-manager": "logos-package-manager",
        "nix-bundle-lgx": "nix-bundle-lgx",
        "nixpkgs": [
          "logos-nix",
          "nixpkgs"
        ]
      }
    }
  },
  "root": "root",
  "version": 7
}
